// !$*UTF8*$!
{
	archiveVersion = 1;
	classes = {
	};
	objectVersion = 50;
	objects = {

/* Begin PBXBuildFile section */
		3DEAE62D2796248800CD807F /* AppDelegate.swift in Sources */ = {isa = PBXBuildFile; fileRef = 3DEAE62C2796248800CD807F /* AppDelegate.swift */; };
		3DEAE62F2796248800CD807F /* ViewController.swift in Sources */ = {isa = PBXBuildFile; fileRef = 3DEAE62E2796248800CD807F /* ViewController.swift */; };
		3DEAE6322796248800CD807F /* Main.storyboard in Resources */ = {isa = PBXBuildFile; fileRef = 3DEAE6302796248800CD807F /* Main.storyboard */; };
		3DEAE6342796248900CD807F /* Assets.xcassets in Resources */ = {isa = PBXBuildFile; fileRef = 3DEAE6332796248900CD807F /* Assets.xcassets */; };
		3DEAE6372796248900CD807F /* LaunchScreen.storyboard in Resources */ = {isa = PBXBuildFile; fileRef = 3DEAE6352796248900CD807F /* LaunchScreen.storyboard */; };
		3DEAE6422796248A00CD807F /* DiagnosticoCastellanosTests.swift in Sources */ = {isa = PBXBuildFile; fileRef = 3DEAE6412796248A00CD807F /* DiagnosticoCastellanosTests.swift */; };
		3DEAE64D2796248A00CD807F /* DiagnosticoCastellanosUITests.swift in Sources */ = {isa = PBXBuildFile; fileRef = 3DEAE64C2796248A00CD807F /* DiagnosticoCastellanosUITests.swift */; };
/* End PBXBuildFile section */

/* Begin PBXContainerItemProxy section */
		3DEAE63E2796248A00CD807F /* PBXContainerItemProxy */ = {
			isa = PBXContainerItemProxy;
			containerPortal = 3DEAE6212796248700CD807F /* Project object */;
			proxyType = 1;
			remoteGlobalIDString = 3DEAE6282796248800CD807F;
			remoteInfo = DiagnosticoCastellanos;
		};
		3DEAE6492796248A00CD807F /* PBXContainerItemProxy */ = {
			isa = PBXContainerItemProxy;
			containerPortal = 3DEAE6212796248700CD807F /* Project object */;
			proxyType = 1;
			remoteGlobalIDString = 3DEAE6282796248800CD807F;
			remoteInfo = DiagnosticoCastellanos;
		};
/* End PBXContainerItemProxy section */

/* Begin PBXFileReference section */
		3DEAE6292796248800CD807F /* DiagnosticoCastellanos.app */ = {isa = PBXFileReference; explicitFileType = wrapper.application; includeInIndex = 0; path = DiagnosticoCastellanos.app; sourceTree = BUILT_PRODUCTS_DIR; };
		3DEAE62C2796248800CD807F /* AppDelegate.swift */ = {isa = PBXFileReference; lastKnownFileType = sourcecode.swift; path = AppDelegate.swift; sourceTree = "<group>"; };
		3DEAE62E2796248800CD807F /* ViewController.swift */ = {isa = PBXFileReference; lastKnownFileType = sourcecode.swift; path = ViewController.swift; sourceTree = "<group>"; };
		3DEAE6312796248800CD807F /* Base */ = {isa = PBXFileReference; lastKnownFileType = file.storyboard; name = Base; path = Base.lproj/Main.storyboard; sourceTree = "<group>"; };
		3DEAE6332796248900CD807F /* Assets.xcassets */ = {isa = PBXFileReference; lastKnownFileType = folder.assetcatalog; path = Assets.xcassets; sourceTree = "<group>"; };
		3DEAE6362796248900CD807F /* Base */ = {isa = PBXFileReference; lastKnownFileType = file.storyboard; name = Base; path = Base.lproj/LaunchScreen.storyboard; sourceTree = "<group>"; };
		3DEAE6382796248900CD807F /* Info.plist */ = {isa = PBXFileReference; lastKnownFileType = text.plist.xml; path = Info.plist; sourceTree = "<group>"; };
		3DEAE63D2796248A00CD807F /* DiagnosticoCastellanosTests.xctest */ = {isa = PBXFileReference; explicitFileType = wrapper.cfbundle; includeInIndex = 0; path = DiagnosticoCastellanosTests.xctest; sourceTree = BUILT_PRODUCTS_DIR; };
		3DEAE6412796248A00CD807F /* DiagnosticoCastellanosTests.swift */ = {isa = PBXFileReference; lastKnownFileType = sourcecode.swift; path = DiagnosticoCastellanosTests.swift; sourceTree = "<group>"; };
		3DEAE6432796248A00CD807F /* Info.plist */ = {isa = PBXFileReference; lastKnownFileType = text.plist.xml; path = Info.plist; sourceTree = "<group>"; };
		3DEAE6482796248A00CD807F /* DiagnosticoCastellanosUITests.xctest */ = {isa = PBXFileReference; explicitFileType = wrapper.cfbundle; includeInIndex = 0; path = DiagnosticoCastellanosUITests.xctest; sourceTree = BUILT_PRODUCTS_DIR; };
		3DEAE64C2796248A00CD807F /* DiagnosticoCastellanosUITests.swift */ = {isa = PBXFileReference; lastKnownFileType = sourcecode.swift; path = DiagnosticoCastellanosUITests.swift; sourceTree = "<group>"; };
		3DEAE64E2796248A00CD807F /* Info.plist */ = {isa = PBXFileReference; lastKnownFileType = text.plist.xml; path = Info.plist; sourceTree = "<group>"; };
/* End PBXFileReference section */

/* Begin PBXFrameworksBuildPhase section */
		3DEAE6262796248800CD807F /* Frameworks */ = {
			isa = PBXFrameworksBuildPhase;
			buildActionMask = 2147483647;
			files = (
			);
			runOnlyForDeploymentPostprocessing = 0;
		};
		3DEAE63A2796248A00CD807F /* Frameworks */ = {
			isa = PBXFrameworksBuildPhase;
			buildActionMask = 2147483647;
			files = (
			);
			runOnlyForDeploymentPostprocessing = 0;
		};
		3DEAE6452796248A00CD807F /* Frameworks */ = {
			isa = PBXFrameworksBuildPhase;
			buildActionMask = 2147483647;
			files = (
			);
			runOnlyForDeploymentPostprocessing = 0;
		};
/* End PBXFrameworksBuildPhase section */

/* Begin PBXGroup section */
		3DEAE6202796248700CD807F = {
			isa = PBXGroup;
			children = (
				3DEAE62B2796248800CD807F /* DiagnosticoCastellanos */,
				3DEAE6402796248A00CD807F /* DiagnosticoCastellanosTests */,
				3DEAE64B2796248A00CD807F /* DiagnosticoCastellanosUITests */,
				3DEAE62A2796248800CD807F /* Products */,
			);
			sourceTree = "<group>";
		};
		3DEAE62A2796248800CD807F /* Products */ = {
			isa = PBXGroup;
			children = (
				3DEAE6292796248800CD807F /* DiagnosticoCastellanos.app */,
				3DEAE63D2796248A00CD807F /* DiagnosticoCastellanosTests.xctest */,
				3DEAE6482796248A00CD807F /* DiagnosticoCastellanosUITests.xctest */,
			);
			name = Products;
			sourceTree = "<group>";
		};
		3DEAE62B2796248800CD807F /* DiagnosticoCastellanos */ = {
			isa = PBXGroup;
			children = (
				3DEAE62C2796248800CD807F /* AppDelegate.swift */,
				3DEAE62E2796248800CD807F /* ViewController.swift */,
				3DEAE6302796248800CD807F /* Main.storyboard */,
				3DEAE6332796248900CD807F /* Assets.xcassets */,
				3DEAE6352796248900CD807F /* LaunchScreen.storyboard */,
				3DEAE6382796248900CD807F /* Info.plist */,
			);
			path = DiagnosticoCastellanos;
			sourceTree = "<group>";
		};
		3DEAE6402796248A00CD807F /* DiagnosticoCastellanosTests */ = {
			isa = PBXGroup;
			children = (
				3DEAE6412796248A00CD807F /* DiagnosticoCastellanosTests.swift */,
				3DEAE6432796248A00CD807F /* Info.plist */,
			);
			path = DiagnosticoCastellanosTests;
			sourceTree = "<group>";
		};
		3DEAE64B2796248A00CD807F /* DiagnosticoCastellanosUITests */ = {
			isa = PBXGroup;
			children = (
				3DEAE64C2796248A00CD807F /* DiagnosticoCastellanosUITests.swift */,
				3DEAE64E2796248A00CD807F /* Info.plist */,
			);
			path = DiagnosticoCastellanosUITests;
			sourceTree = "<group>";
		};
/* End PBXGroup section */

/* Begin PBXNativeTarget section */
		3DEAE6282796248800CD807F /* DiagnosticoCastellanos */ = {
			isa = PBXNativeTarget;
			buildConfigurationList = 3DEAE6512796248A00CD807F /* Build configuration list for PBXNativeTarget "DiagnosticoCastellanos" */;
			buildPhases = (
				3DEAE6252796248800CD807F /* Sources */,
				3DEAE6262796248800CD807F /* Frameworks */,
				3DEAE6272796248800CD807F /* Resources */,
			);
			buildRules = (
			);
			dependencies = (
			);
			name = DiagnosticoCastellanos;
			productName = DiagnosticoCastellanos;
			productReference = 3DEAE6292796248800CD807F /* DiagnosticoCastellanos.app */;
			productType = "com.apple.product-type.application";
		};
		3DEAE63C2796248A00CD807F /* DiagnosticoCastellanosTests */ = {
			isa = PBXNativeTarget;
			buildConfigurationList = 3DEAE6542796248A00CD807F /* Build configuration list for PBXNativeTarget "DiagnosticoCastellanosTests" */;
			buildPhases = (
				3DEAE6392796248A00CD807F /* Sources */,
				3DEAE63A2796248A00CD807F /* Frameworks */,
				3DEAE63B2796248A00CD807F /* Resources */,
			);
			buildRules = (
			);
			dependencies = (
				3DEAE63F2796248A00CD807F /* PBXTargetDependency */,
			);
			name = DiagnosticoCastellanosTests;
			productName = DiagnosticoCastellanosTests;
			productReference = 3DEAE63D2796248A00CD807F /* DiagnosticoCastellanosTests.xctest */;
			productType = "com.apple.product-type.bundle.unit-test";
		};
		3DEAE6472796248A00CD807F /* DiagnosticoCastellanosUITests */ = {
			isa = PBXNativeTarget;
			buildConfigurationList = 3DEAE6572796248A00CD807F /* Build configuration list for PBXNativeTarget "DiagnosticoCastellanosUITests" */;
			buildPhases = (
				3DEAE6442796248A00CD807F /* Sources */,
				3DEAE6452796248A00CD807F /* Frameworks */,
				3DEAE6462796248A00CD807F /* Resources */,
			);
			buildRules = (
			);
			dependencies = (
				3DEAE64A2796248A00CD807F /* PBXTargetDependency */,
			);
			name = DiagnosticoCastellanosUITests;
			productName = DiagnosticoCastellanosUITests;
			productReference = 3DEAE6482796248A00CD807F /* DiagnosticoCastellanosUITests.xctest */;
			productType = "com.apple.product-type.bundle.ui-testing";
		};
/* End PBXNativeTarget section */

/* Begin PBXProject section */
		3DEAE6212796248700CD807F /* Project object */ = {
			isa = PBXProject;
			attributes = {
				LastSwiftUpdateCheck = 1030;
				LastUpgradeCheck = 1030;
				ORGANIZATIONNAME = Alumno;
				TargetAttributes = {
					3DEAE6282796248800CD807F = {
						CreatedOnToolsVersion = 10.3;
					};
					3DEAE63C2796248A00CD807F = {
						CreatedOnToolsVersion = 10.3;
						TestTargetID = 3DEAE6282796248800CD807F;
					};
					3DEAE6472796248A00CD807F = {
						CreatedOnToolsVersion = 10.3;
						TestTargetID = 3DEAE6282796248800CD807F;
					};
				};
			};
			buildConfigurationList = 3DEAE6242796248700CD807F /* Build configuration list for PBXProject "DiagnosticoCastellanos" */;
			compatibilityVersion = "Xcode 9.3";
			developmentRegion = en;
			hasScannedForEncodings = 0;
			knownRegions = (
				en,
				Base,
			);
			mainGroup = 3DEAE6202796248700CD807F;
			productRefGroup = 3DEAE62A2796248800CD807F /* Products */;
			projectDirPath = "";
			projectRoot = "";
			targets = (
				3DEAE6282796248800CD807F /* DiagnosticoCastellanos */,
				3DEAE63C2796248A00CD807F /* DiagnosticoCastellanosTests */,
				3DEAE6472796248A00CD807F /* DiagnosticoCastellanosUITests */,
			);
		};
/* End PBXProject section */

/* Begin PBXResourcesBuildPhase section */
		3DEAE6272796248800CD807F /* Resources */ = {
			isa = PBXResourcesBuildPhase;
			buildActionMask = 2147483647;
			files = (
				3DEAE6372796248900CD807F /* LaunchScreen.storyboard in Resources */,
				3DEAE6342796248900CD807F /* Assets.xcassets in Resources */,
				3DEAE6322796248800CD807F /* Main.storyboard in Resources */,
			);
			runOnlyForDeploymentPostprocessing = 0;
		};
		3DEAE63B2796248A00CD807F /* Resources */ = {
			isa = PBXResourcesBuildPhase;
			buildActionMask = 2147483647;
			files = (
			);
			runOnlyForDeploymentPostprocessing = 0;
		};
		3DEAE6462796248A00CD807F /* Resources */ = {
			isa = PBXResourcesBuildPhase;
			buildActionMask = 2147483647;
			files = (
			);
			runOnlyForDeploymentPostprocessing = 0;
		};
/* End PBXResourcesBuildPhase section */

/* Begin PBXSourcesBuildPhase section */
		3DEAE6252796248800CD807F /* Sources */ = {
			isa = PBXSourcesBuildPhase;
			buildActionMask = 2147483647;
			files = (
				3DEAE62F2796248800CD807F /* ViewController.swift in Sources */,
				3DEAE62D2796248800CD807F /* AppDelegate.swift in Sources */,
			);
			runOnlyForDeploymentPostprocessing = 0;
		};
		3DEAE6392796248A00CD807F /* Sources */ = {
			isa = PBXSourcesBuildPhase;
			buildActionMask = 2147483647;
			files = (
				3DEAE6422796248A00CD807F /* DiagnosticoCastellanosTests.swift in Sources */,
			);
			runOnlyForDeploymentPostprocessing = 0;
		};
		3DEAE6442796248A00CD807F /* Sources */ = {
			isa = PBXSourcesBuildPhase;
			buildActionMask = 2147483647;
			files = (
				3DEAE64D2796248A00CD807F /* DiagnosticoCastellanosUITests.swift in Sources */,
			);
			runOnlyForDeploymentPostprocessing = 0;
		};
/* End PBXSourcesBuildPhase section */

/* Begin PBXTargetDependency section */
		3DEAE63F2796248A00CD807F /* PBXTargetDependency */ = {
			isa = PBXTargetDependency;
			target = 3DEAE6282796248800CD807F /* DiagnosticoCastellanos */;
			targetProxy = 3DEAE63E2796248A00CD807F /* PBXContainerItemProxy */;
		};
		3DEAE64A2796248A00CD807F /* PBXTargetDependency */ = {
			isa = PBXTargetDependency;
			target = 3DEAE6282796248800CD807F /* DiagnosticoCastellanos */;
			targetProxy = 3DEAE6492796248A00CD807F /* PBXContainerItemProxy */;
		};
/* End PBXTargetDependency section */

/* Begin PBXVariantGroup section */
		3DEAE6302796248800CD807F /* Main.storyboard */ = {
			isa = PBXVariantGroup;
			children = (
				3DEAE6312796248800CD807F /* Base */,
			);
			name = Main.storyboard;
			sourceTree = "<group>";
		};
		3DEAE6352796248900CD807F /* LaunchScreen.storyboard */ = {
			isa = PBXVariantGroup;
			children = (
				3DEAE6362796248900CD807F /* Base */,
			);
			name = LaunchScreen.storyboard;
			sourceTree = "<group>";
		};
/* End PBXVariantGroup section */

/* Begin XCBuildConfiguration section */
		3DEAE64F2796248A00CD807F /* Debug */ = {
			isa = XCBuildConfiguration;
			buildSettings = {
				ALWAYS_SEARCH_USER_PATHS = NO;
				CLANG_ANALYZER_NONNULL = YES;
				CLANG_ANALYZER_NUMBER_OBJECT_CONVERSION = YES_AGGRESSIVE;
				CLANG_CXX_LANGUAGE_STANDARD = "gnu++14";
				CLANG_CXX_LIBRARY = "libc++";
				CLANG_ENABLE_MODULES = YES;
				CLANG_ENABLE_OBJC_ARC = YES;
				CLANG_ENABLE_OBJC_WEAK = YES;
				CLANG_WARN_BLOCK_CAPTURE_AUTORELEASING = YES;
				CLANG_WARN_BOOL_CONVERSION = YES;
				CLANG_WARN_COMMA = YES;
				CLANG_WARN_CONSTANT_CONVERSION = YES;
				CLANG_WARN_DEPRECATED_OBJC_IMPLEMENTATIONS = YES;
				CLANG_WARN_DIRECT_OBJC_ISA_USAGE = YES_ERROR;
				CLANG_WARN_DOCUMENTATION_COMMENTS = YES;
				CLANG_WARN_EMPTY_BODY = YES;
				CLANG_WARN_ENUM_CONVERSION = YES;
				CLANG_WARN_INFINITE_RECURSION = YES;
				CLANG_WARN_INT_CONVERSION = YES;
				CLANG_WARN_NON_LITERAL_NULL_CONVERSION = YES;
				CLANG_WARN_OBJC_IMPLICIT_RETAIN_SELF = YES;
				CLANG_WARN_OBJC_LITERAL_CONVERSION = YES;
				CLANG_WARN_OBJC_ROOT_CLASS = YES_ERROR;
				CLANG_WARN_RANGE_LOOP_ANALYSIS = YES;
				CLANG_WARN_STRICT_PROTOTYPES = YES;
				CLANG_WARN_SUSPICIOUS_MOVE = YES;
				CLANG_WARN_UNGUARDED_AVAILABILITY = YES_AGGRESSIVE;
				CLANG_WARN_UNREACHABLE_CODE = YES;
				CLANG_WARN__DUPLICATE_METHOD_MATCH = YES;
				CODE_SIGN_IDENTITY = "iPhone Developer";
				COPY_PHASE_STRIP = NO;
				DEBUG_INFORMATION_FORMAT = dwarf;
				ENABLE_STRICT_OBJC_MSGSEND = YES;
				ENABLE_TESTABILITY = YES;
				GCC_C_LANGUAGE_STANDARD = gnu11;
				GCC_DYNAMIC_NO_PIC = NO;
				GCC_NO_COMMON_BLOCKS = YES;
				GCC_OPTIMIZATION_LEVEL = 0;
				GCC_PREPROCESSOR_DEFINITIONS = (
					"DEBUG=1",
					"$(inherited)",
				);
				GCC_WARN_64_TO_32_BIT_CONVERSION = YES;
				GCC_WARN_ABOUT_RETURN_TYPE = YES_ERROR;
				GCC_WARN_UNDECLARED_SELECTOR = YES;
				GCC_WARN_UNINITIALIZED_AUTOS = YES_AGGRESSIVE;
				GCC_WARN_UNUSED_FUNCTION = YES;
				GCC_WARN_UNUSED_VARIABLE = YES;
				IPHONEOS_DEPLOYMENT_TARGET = 12.4;
				MTL_ENABLE_DEBUG_INFO = INCLUDE_SOURCE;
				MTL_FAST_MATH = YES;
				ONLY_ACTIVE_ARCH = YES;
				SDKROOT = iphoneos;
				SWIFT_ACTIVE_COMPILATION_CONDITIONS = DEBUG;
				SWIFT_OPTIMIZATION_LEVEL = "-Onone";
			};
			name = Debug;
		};
		3DEAE6502796248A00CD807F /* Release */ = {
			isa = XCBuildConfiguration;
			buildSettings = {
				ALWAYS_SEARCH_USER_PATHS = NO;
				CLANG_ANALYZER_NONNULL = YES;
				CLANG_ANALYZER_NUMBER_OBJECT_CONVERSION = YES_AGGRESSIVE;
				CLANG_CXX_LANGUAGE_STANDARD = "gnu++14";
				CLANG_CXX_LIBRARY = "libc++";
				CLANG_ENABLE_MODULES = YES;
				CLANG_ENABLE_OBJC_ARC = YES;
				CLANG_ENABLE_OBJC_WEAK = YES;
				CLANG_WARN_BLOCK_CAPTURE_AUTORELEASING = YES;
				CLANG_WARN_BOOL_CONVERSION = YES;
				CLANG_WARN_COMMA = YES;
				CLANG_WARN_CONSTANT_CONVERSION = YES;
				CLANG_WARN_DEPRECATED_OBJC_IMPLEMENTATIONS = YES;
				CLANG_WARN_DIRECT_OBJC_ISA_USAGE = YES_ERROR;
				CLANG_WARN_DOCUMENTATION_COMMENTS = YES;
				CLANG_WARN_EMPTY_BODY = YES;
				CLANG_WARN_ENUM_CONVERSION = YES;
				CLANG_WARN_INFINITE_RECURSION = YES;
				CLANG_WARN_INT_CONVERSION = YES;
				CLANG_WARN_NON_LITERAL_NULL_CONVERSION = YES;
				CLANG_WARN_OBJC_IMPLICIT_RETAIN_SELF = YES;
				CLANG_WARN_OBJC_LITERAL_CONVERSION = YES;
				CLANG_WARN_OBJC_ROOT_CLASS = YES_ERROR;
				CLANG_WARN_RANGE_LOOP_ANALYSIS = YES;
				CLANG_WARN_STRICT_PROTOTYPES = YES;
				CLANG_WARN_SUSPICIOUS_MOVE = YES;
				CLANG_WARN_UNGUARDED_AVAILABILITY = YES_AGGRESSIVE;
				CLANG_WARN_UNREACHABLE_CODE = YES;
				CLANG_WARN__DUPLICATE_METHOD_MATCH = YES;
				CODE_SIGN_IDENTITY = "iPhone Developer";
				COPY_PHASE_STRIP = NO;
				DEBUG_INFORMATION_FORMAT = "dwarf-with-dsym";
				ENABLE_NS_ASSERTIONS = NO;
				ENABLE_STRICT_OBJC_MSGSEND = YES;
				GCC_C_LANGUAGE_STANDARD = gnu11;
				GCC_NO_COMMON_BLOCKS = YES;
				GCC_WARN_64_TO_32_BIT_CONVERSION = YES;
				GCC_WARN_ABOUT_RETURN_TYPE = YES_ERROR;
				GCC_WARN_UNDECLARED_SELECTOR = YES;
				GCC_WARN_UNINITIALIZED_AUTOS = YES_AGGRESSIVE;
				GCC_WARN_UNUSED_FUNCTION = YES;
				GCC_WARN_UNUSED_VARIABLE = YES;
				IPHONEOS_DEPLOYMENT_TARGET = 12.4;
				MTL_ENABLE_DEBUG_INFO = NO;
				MTL_FAST_MATH = YES;
				SDKROOT = iphoneos;
				SWIFT_COMPILATION_MODE = wholemodule;
				SWIFT_OPTIMIZATION_LEVEL = "-O";
				VALIDATE_PRODUCT = YES;
			};
			name = Release;
		};
		3DEAE6522796248A00CD807F /* Debug */ = {
			isa = XCBuildConfiguration;
			buildSettings = {
				ASSETCATALOG_COMPILER_APPICON_NAME = AppIcon;
				CODE_SIGN_STYLE = Automatic;
				INFOPLIST_FILE = DiagnosticoCastellanos/Info.plist;
				LD_RUNPATH_SEARCH_PATHS = (
					"$(inherited)",
					"@executable_path/Frameworks",
				);
				PRODUCT_BUNDLE_IDENTIFIER = edu.ulsa.DiagnosticoCastellanos;
				PRODUCT_NAME = "$(TARGET_NAME)";
				SWIFT_VERSION = 5.0;
				TARGETED_DEVICE_FAMILY = "1,2";
			};
			name = Debug;
		};
		3DEAE6532796248A00CD807F /* Release */ = {
			isa = XCBuildConfiguration;
			buildSettings = {
				ASSETCATALOG_COMPILER_APPICON_NAME = AppIcon;
				CODE_SIGN_STYLE = Automatic;
				INFOPLIST_FILE = DiagnosticoCastellanos/Info.plist;
				LD_RUNPATH_SEARCH_PATHS = (
					"$(inherited)",
					"@executable_path/Frameworks",
				);
				PRODUCT_BUNDLE_IDENTIFIER = edu.ulsa.DiagnosticoCastellanos;
				PRODUCT_NAME = "$(TARGET_NAME)";
				SWIFT_VERSION = 5.0;
				TARGETED_DEVICE_FAMILY = "1,2";
			};
			name = Release;
		};
		3DEAE6552796248A00CD807F /* Debug */ = {
			isa = XCBuildConfiguration;
			buildSettings = {
				ALWAYS_EMBED_SWIFT_STANDARD_LIBRARIES = YES;
				BUNDLE_LOADER = "$(TEST_HOST)";
				CODE_SIGN_STYLE = Automatic;
				INFOPLIST_FILE = DiagnosticoCastellanosTests/Info.plist;
				LD_RUNPATH_SEARCH_PATHS = (
					"$(inherited)",
					"@executable_path/Frameworks",
					"@loader_path/Frameworks",
				);
				PRODUCT_BUNDLE_IDENTIFIER = edu.ulsa.DiagnosticoCastellanosTests;
				PRODUCT_NAME = "$(TARGET_NAME)";
				SWIFT_VERSION = 5.0;
				TARGETED_DEVICE_FAMILY = "1,2";
				TEST_HOST = "$(BUILT_PRODUCTS_DIR)/DiagnosticoCastellanos.app/DiagnosticoCastellanos";
			};
			name = Debug;
		};
		3DEAE6562796248A00CD807F /* Release */ = {
			isa = XCBuildConfiguration;
			buildSettings = {
				ALWAYS_EMBED_SWIFT_STANDARD_LIBRARIES = YES;
				BUNDLE_LOADER = "$(TEST_HOST)";
				CODE_SIGN_STYLE = Automatic;
				INFOPLIST_FILE = DiagnosticoCastellanosTests/Info.plist;
				LD_RUNPATH_SEARCH_PATHS = (
					"$(inherited)",
					"@executable_path/Frameworks",
					"@loader_path/Frameworks",
				);
				PRODUCT_BUNDLE_IDENTIFIER = edu.ulsa.DiagnosticoCastellanosTests;
				PRODUCT_NAME = "$(TARGET_NAME)";
				SWIFT_VERSION = 5.0;
				TARGETED_DEVICE_FAMILY = "1,2";
				TEST_HOST = "$(BUILT_PRODUCTS_DIR)/DiagnosticoCastellanos.app/DiagnosticoCastellanos";
			};
			name = Release;
		};
		3DEAE6582796248A00CD807F /* Debug */ = {
			isa = XCBuildConfiguration;
			buildSettings = {
				ALWAYS_EMBED_SWIFT_STANDARD_LIBRARIES = YES;
				CODE_SIGN_STYLE = Automatic;
				INFOPLIST_FILE = DiagnosticoCastellanosUITests/Info.plist;
				LD_RUNPATH_SEARCH_PATHS = (
					"$(inherited)",
					"@executable_path/Frameworks",
					"@loader_path/Frameworks",
				);
				PRODUCT_BUNDLE_IDENTIFIER = edu.ulsa.DiagnosticoCastellanosUITests;
				PRODUCT_NAME = "$(TARGET_NAME)";
				SWIFT_VERSION = 5.0;
				TARGETED_DEVICE_FAMILY = "1,2";
				TEST_TARGET_NAME = DiagnosticoCastellanos;
			};
			name = Debug;
		};
		3DEAE6592796248A00CD807F /* Release */ = {
			isa = XCBuildConfiguration;
			buildSettings = {
				ALWAYS_EMBED_SWIFT_STANDARD_LIBRARIES = YES;
				CODE_SIGN_STYLE = Automatic;
				INFOPLIST_FILE = DiagnosticoCastellanosUITests/Info.plist;
				LD_RUNPATH_SEARCH_PATHS = (
					"$(inherited)",
					"@executable_path/Frameworks",
					"@loader_path/Frameworks",
				);
				PRODUCT_BUNDLE_IDENTIFIER = edu.ulsa.DiagnosticoCastellanosUITests;
				PRODUCT_NAME = "$(TARGET_NAME)";
				SWIFT_VERSION = 5.0;
				TARGETED_DEVICE_FAMILY = "1,2";
				TEST_TARGET_NAME = DiagnosticoCastellanos;
			};
			name = Release;
		};
/* End XCBuildConfiguration section */

/* Begin XCConfigurationList section */
		3DEAE6242796248700CD807F /* Build configuration list for PBXProject "DiagnosticoCastellanos" */ = {
			isa = XCConfigurationList;
			buildConfigurations = (
				3DEAE64F2796248A00CD807F /* Debug */,
				3DEAE6502796248A00CD807F /* Release */,
			);
			defaultConfigurationIsVisible = 0;
			defaultConfigurationName = Release;
		};
		3DEAE6512796248A00CD807F /* Build configuration list for PBXNativeTarget "DiagnosticoCastellanos" */ = {
			isa = XCConfigurationList;
			buildConfigurations = (
				3DEAE6522796248A00CD807F /* Debug */,
				3DEAE6532796248A00CD807F /* Release */,
			);
			defaultConfigurationIsVisible = 0;
			defaultConfigurationName = Release;
		};
		3DEAE6542796248A00CD807F /* Build configuration list for PBXNativeTarget "DiagnosticoCastellanosTests" */ = {
			isa = XCConfigurationList;
			buildConfigurations = (
				3DEAE6552796248A00CD807F /* Debug */,
				3DEAE6562796248A00CD807F /* Release */,
			);
			defaultConfigurationIsVisible = 0;
			defaultConfigurationName = Release;
		};
		3DEAE6572796248A00CD807F /* Build configuration list for PBXNativeTarget "DiagnosticoCastellanosUITests" */ = {
			isa = XCConfigurationList;
			buildConfigurations = (
				3DEAE6582796248A00CD807F /* Debug */,
				3DEAE6592796248A00CD807F /* Release */,
			);
			defaultConfigurationIsVisible = 0;
			defaultConfigurationName = Release;
		};
/* End XCConfigurationList section */
	};
	rootObject = 3DEAE6212796248700CD807F /* Project object */;
}
